
Microsoft Visual Studio Solution File, Format Version 12.00
# Visual Studio Version 17
VisualStudioVersion = 17.11.35312.102
MinimumVisualStudioVersion = 10.0.40219.1
Project("{2150E333-8FDC-42A3-9474-1A3956D46DE8}") = "src", "src", "{96032451-DBAB-4768-BB8F-BD25F3330527}"
EndProject
Project("{2150E333-8FDC-42A3-9474-1A3956D46DE8}") = "test", "test", "{72CEB68F-DB11-4D70-BC31-552B2B1A552B}"
EndProject
Project("{2150E333-8FDC-42A3-9474-1A3956D46DE8}") = "API", "API", "{34B26C70-1BBC-4C07-944E-A6B05F365B89}"
EndProject
Project("{2150E333-8FDC-42A3-9474-1A3956D46DE8}") = "Core", "Core", "{40AA7C4D-D8C9-4191-A820-14D8222135E9}"
EndProject
Project("{2150E333-8FDC-42A3-9474-1A3956D46DE8}") = "Infrastructure", "Infrastructure", "{4D31D024-728D-4E54-BA99-87E62FE935F8}"
EndProject
Project("{2150E333-8FDC-42A3-9474-1A3956D46DE8}") = "UI", "UI", "{8BE915F5-EADF-4013-B71C-72E671466A25}"
EndProject
Project("{9A19103F-16F7-4668-BE54-9A1E7A4F7556}") = "GloboTicket.TicketManagement.Domain", "src\GloboTicket.TicketManagement.Domain\GloboTicket.TicketManagement.Domain.csproj", "{023D1ADA-752D-4971-AA60-91FD55115B79}"
EndProject
Project("{9A19103F-16F7-4668-BE54-9A1E7A4F7556}") = "GloboTicket.TicketManagement.Application", "src\GloboTicket.TicketManagement.Application\GloboTicket.TicketManagement.Application.csproj", "{E926D317-9BA0-49F9-B602-B056948D0BD1}"
EndProject
Project("{9A19103F-16F7-4668-BE54-9A1E7A4F7556}") = "GloboTicket.TicketManagement.Persistence", "src\GloboTicket.TicketManagement.Persistence\GloboTicket.TicketManagement.Persistence.csproj", "{78447D74-9FD0-403F-9AF5-9BF05F137D42}"
EndProject
Project("{9A19103F-16F7-4668-BE54-9A1E7A4F7556}") = "GloboTicket.TicketManagement.Infrastructure", "src\GloboTicket.TicketManagement.Infrastructure\GloboTicket.TicketManagement.Infrastructure.csproj", "{D1ECFC0E-2995-4324-91F9-6AAD107A09BC}"
EndProject
Project("{FAE04EC0-301F-11D3-BF4B-00C04F79EFBC}") = "GloboTicket.TicketManagement.Api", "src\GloboTicket.TicketManagement.Api\GloboTicket.TicketManagement.Api.csproj", "{330FAB38-32A7-411E-BD1E-0473ADA0B4D0}"
EndProject
Global
	GlobalSection(SolutionConfigurationPlatforms) = preSolution
		Debug|Any CPU = Debug|Any CPU
		Release|Any CPU = Release|Any CPU
	EndGlobalSection
	GlobalSection(ProjectConfigurationPlatforms) = postSolution
		{023D1ADA-752D-4971-AA60-91FD55115B79}.Debug|Any CPU.ActiveCfg = Debug|Any CPU
		{023D1ADA-752D-4971-AA60-91FD55115B79}.Debug|Any CPU.Build.0 = Debug|Any CPU
		{023D1ADA-752D-4971-AA60-91FD55115B79}.Release|Any CPU.ActiveCfg = Release|Any CPU
		{023D1ADA-752D-4971-AA60-91FD55115B79}.Release|Any CPU.Build.0 = Release|Any CPU
		{E926D317-9BA0-49F9-B602-B056948D0BD1}.Debug|Any CPU.ActiveCfg = Debug|Any CPU
		{E926D317-9BA0-49F9-B602-B056948D0BD1}.Debug|Any CPU.Build.0 = Debug|Any CPU
		{E926D317-9BA0-49F9-B602-B056948D0BD1}.Release|Any CPU.ActiveCfg = Release|Any CPU
		{E926D317-9BA0-49F9-B602-B056948D0BD1}.Release|Any CPU.Build.0 = Release|Any CPU
		{78447D74-9FD0-403F-9AF5-9BF05F137D42}.Debug|Any CPU.ActiveCfg = Debug|Any CPU
		{78447D74-9FD0-403F-9AF5-9BF05F137D42}.Debug|Any CPU.Build.0 = Debug|Any CPU
		{78447D74-9FD0-403F-9AF5-9BF05F137D42}.Release|Any CPU.ActiveCfg = Release|Any CPU
		{78447D74-9FD0-403F-9AF5-9BF05F137D42}.Release|Any CPU.Build.0 = Release|Any CPU
		{D1ECFC0E-2995-4324-91F9-6AAD107A09BC}.Debug|Any CPU.ActiveCfg = Debug|Any CPU
		{D1ECFC0E-2995-4324-91F9-6AAD107A09BC}.Debug|Any CPU.Build.0 = Debug|Any CPU
		{D1ECFC0E-2995-4324-91F9-6AAD107A09BC}.Release|Any CPU.ActiveCfg = Release|Any CPU
		{D1ECFC0E-2995-4324-91F9-6AAD107A09BC}.Release|Any CPU.Build.0 = Release|Any CPU
		{330FAB38-32A7-411E-BD1E-0473ADA0B4D0}.Debug|Any CPU.ActiveCfg = Debug|Any CPU
		{330FAB38-32A7-411E-BD1E-0473ADA0B4D0}.Debug|Any CPU.Build.0 = Debug|Any CPU
		{330FAB38-32A7-411E-BD1E-0473ADA0B4D0}.Release|Any CPU.ActiveCfg = Release|Any CPU
		{330FAB38-32A7-411E-BD1E-0473ADA0B4D0}.Release|Any CPU.Build.0 = Release|Any CPU
	EndGlobalSection
	GlobalSection(SolutionProperties) = preSolution
		HideSolutionNode = FALSE
	EndGlobalSection
	GlobalSection(NestedProjects) = preSolution
		{34B26C70-1BBC-4C07-944E-A6B05F365B89} = {96032451-DBAB-4768-BB8F-BD25F3330527}
		{40AA7C4D-D8C9-4191-A820-14D8222135E9} = {96032451-DBAB-4768-BB8F-BD25F3330527}
		{4D31D024-728D-4E54-BA99-87E62FE935F8} = {96032451-DBAB-4768-BB8F-BD25F3330527}
		{8BE915F5-EADF-4013-B71C-72E671466A25} = {96032451-DBAB-4768-BB8F-BD25F3330527}
		{023D1ADA-752D-4971-AA60-91FD55115B79} = {40AA7C4D-D8C9-4191-A820-14D8222135E9}
		{E926D317-9BA0-49F9-B602-B056948D0BD1} = {40AA7C4D-D8C9-4191-A820-14D8222135E9}
		{78447D74-9FD0-403F-9AF5-9BF05F137D42} = {4D31D024-728D-4E54-BA99-87E62FE935F8}
		{D1ECFC0E-2995-4324-91F9-6AAD107A09BC} = {4D31D024-728D-4E54-BA99-87E62FE935F8}
		{330FAB38-32A7-411E-BD1E-0473ADA0B4D0} = {34B26C70-1BBC-4C07-944E-A6B05F365B89}
	EndGlobalSection
	GlobalSection(ExtensibilityGlobals) = postSolution
		SolutionGuid = {A1918D15-2CDA-47C2-83AF-9D3120083653}
	EndGlobalSection
EndGlobal
